<?xml version="1.0" encoding="utf-8"?>
<Project ToolsVersion="4.0" xmlns="http://schemas.microsoft.com/developer/msbuild/2003">
  <ItemGroup>
    <ClCompile Include="WinMain.cpp" />
    <ClCompile Include="Manager\SceneManager.cpp">
      <Filter>Manager\cpp</Filter>
    </ClCompile>
    <ClCompile Include="Scene\CScene.cpp">
      <Filter>Scene\cpp</Filter>
    </ClCompile>
    <ClCompile Include="Scene\StartScene.cpp">
      <Filter>Scene\cpp</Filter>
    </ClCompile>
    <ClCompile Include="Manager\ColliderManager.cpp">
      <Filter>Manager\cpp</Filter>
    </ClCompile>
    <ClCompile Include="Manager\GamaManager.cpp">
      <Filter>Manager\cpp</Filter>
    </ClCompile>
    <ClCompile Include="System\InputSystem.cpp">
      <Filter>System\cpp</Filter>
    </ClCompile>
    <ClCompile Include="System\RenderSystem.cpp">
      <Filter>System\cpp</Filter>
    </ClCompile>
    <ClCompile Include="System\TimeSystem.cpp">
      <Filter>System\cpp</Filter>
    </ClCompile>
    <ClCompile Include="System\SoundSystem.cpp">
      <Filter>System\cpp</Filter>
    </ClCompile>
    <ClCompile Include="GameLogic\Collider.cpp">
      <Filter>GamaLogic</Filter>
    </ClCompile>
    <ClCompile Include="GameLogic\Object.cpp">
      <Filter>GamaLogic</Filter>
    </ClCompile>
    <ClCompile Include="GameLogic\Vector2.cpp">
      <Filter>GamaLogic</Filter>
    </ClCompile>
    <ClCompile Include="GameLogic\Animation.cpp">
      <Filter>GamaLogic</Filter>
    </ClCompile>
  </ItemGroup>
  <ItemGroup>
    <ClInclude Include="resource.h" />
    <ClInclude Include="stdafx.h" />
    <ClInclude Include="WinMain.h" />
    <ClInclude Include="Manager\SceneManager.h">
      <Filter>Manager\h</Filter>
    </ClInclude>
    <ClInclude Include="Scene\StartScene.h">
      <Filter>Scene\h</Filter>
    </ClInclude>
    <ClInclude Include="Scene\CScene.h">
      <Filter>Scene\h</Filter>
    </ClInclude>
    <ClInclude Include="Manager\GameManager.h">
      <Filter>Manager\h</Filter>
    </ClInclude>
    <ClInclude Include="Manager\ColliderManager.h">
      <Filter>Manager\h</Filter>
    </ClInclude>
    <ClInclude Include="System\InputSystem.h">
      <Filter>System\h</Filter>
    </ClInclude>
    <ClInclude Include="System\RenderSystem.h">
      <Filter>System\h</Filter>
    </ClInclude>
    <ClInclude Include="System\TimeSystem.h">
      <Filter>System\h</Filter>
    </ClInclude>
    <ClInclude Include="System\SoundSystem.h">
      <Filter>System\h</Filter>
    </ClInclude>
    <ClInclude Include="GameLogic\Bounds.h">
      <Filter>GamaLogic</Filter>
    </ClInclude>
    <ClInclude Include="GameLogic\Collider.h">
      <Filter>GamaLogic</Filter>
    </ClInclude>
    <ClInclude Include="GameLogic\Object.h">
      <Filter>GamaLogic</Filter>
    </ClInclude>
    <ClInclude Include="GameLogic\Vector2.h">
      <Filter>GamaLogic</Filter>
    </ClInclude>
    <ClInclude Include="GameLogic\Animation.h">
      <Filter>GamaLogic</Filter>
    </ClInclude>
  </ItemGroup>
  <ItemGroup>
    <ResourceCompile Include="GDIGameTemplate.rc" />
  </ItemGroup>
  <ItemGroup>
    <Filter Include="Manager">
      <UniqueIdentifier>{4d3a78dd-20c9-4f0e-8bfc-4e6d7dbd14ab}</UniqueIdentifier>
    </Filter>
    <Filter Include="Manager\cpp">
      <UniqueIdentifier>{806749ea-b402-4a05-8b6c-c1b40411beef}</UniqueIdentifier>
    </Filter>
    <Filter Include="Manager\h">
      <UniqueIdentifier>{ada2947e-e91b-4c2e-b4e1-aaf8ec0f2a10}</UniqueIdentifier>
    </Filter>
    <Filter Include="Scene">
      <UniqueIdentifier>{ae2bac4b-51c6-491b-a4f0-22afb3f04eec}</UniqueIdentifier>
    </Filter>
    <Filter Include="Scene\cpp">
      <UniqueIdentifier>{c9b4ad94-dcc8-4f1d-ab4d-bc089ff19667}</UniqueIdentifier>
    </Filter>
    <Filter Include="Scene\h">
      <UniqueIdentifier>{ba321b4c-00da-4e28-a0a5-405d5677567c}</UniqueIdentifier>
    </Filter>
    <Filter Include="System">
      <UniqueIdentifier>{0e43b326-23ef-4e28-87cf-128f6475e886}</UniqueIdentifier>
    </Filter>
    <Filter Include="System\cpp">
      <UniqueIdentifier>{d3936fb0-035a-42b3-ac7a-904c09c4d70b}</UniqueIdentifier>
    </Filter>
    <Filter Include="System\h">
      <UniqueIdentifier>{544a9710-58ca-4858-9d39-b2d6dca790d9}</UniqueIdentifier>
    </Filter>
    <Filter Include="GamaLogic">
      <UniqueIdentifier>{9430757f-5e8c-43a9-ad40-bb8eb04170b5}</UniqueIdentifier>
    </Filter>
  </ItemGroup>
</Project>